
Microsoft Visual Studio Solution File, Format Version 12.00
# Visual Studio Version 16
VisualStudioVersion = 16.0.32602.291
MinimumVisualStudioVersion = 10.0.40219.1
Project("{9A19103F-16F7-4668-BE54-9A1E7A4F7556}") = "FinalProjectAppLayer", "FinalProjectAppLayer\FinalProjectAppLayer.csproj", "{546B3E8F-EDD8-4D3C-BCF4-25684FFFD5CF}"
EndProject
Project("{9A19103F-16F7-4668-BE54-9A1E7A4F7556}") = "BusniessLayer", "BusniessLayer\BusniessLayer.csproj", "{9595B8E6-276D-4758-B2C2-6ABE448FFA85}"
EndProject
Global
	GlobalSection(SolutionConfigurationPlatforms) = preSolution
		Debug|Any CPU = Debug|Any CPU
		Release|Any CPU = Release|Any CPU
	EndGlobalSection
	GlobalSection(ProjectConfigurationPlatforms) = postSolution
		{546B3E8F-EDD8-4D3C-BCF4-25684FFFD5CF}.Debug|Any CPU.ActiveCfg = Debug|Any CPU
		{546B3E8F-EDD8-4D3C-BCF4-25684FFFD5CF}.Debug|Any CPU.Build.0 = Debug|Any CPU
		{546B3E8F-EDD8-4D3C-BCF4-25684FFFD5CF}.Release|Any CPU.ActiveCfg = Release|Any CPU
		{546B3E8F-EDD8-4D3C-BCF4-25684FFFD5CF}.Release|Any CPU.Build.0 = Release|Any CPU
		{9595B8E6-276D-4758-B2C2-6ABE448FFA85}.Debug|Any CPU.ActiveCfg = Debug|Any CPU
		{9595B8E6-276D-4758-B2C2-6ABE448FFA85}.Debug|Any CPU.Build.0 = Debug|Any CPU
		{9595B8E6-276D-4758-B2C2-6ABE448FFA85}.Release|Any CPU.ActiveCfg = Release|Any CPU
		{9595B8E6-276D-4758-B2C2-6ABE448FFA85}.Release|Any CPU.Build.0 = Release|Any CPU
	EndGlobalSection
	GlobalSection(SolutionProperties) = preSolution
		HideSolutionNode = FALSE
	EndGlobalSection
	GlobalSection(ExtensibilityGlobals) = postSolution
		SolutionGuid = {DB2BCAF1-71A7-498A-81FE-CCDA7572856E}
	EndGlobalSection
EndGlobal
